
Microsoft Visual Studio Solution File, Format Version 12.00
# Visual Studio 15
VisualStudioVersion = 15.0.28307.852
MinimumVisualStudioVersion = 10.0.40219.1
Project("{FAE04EC0-301F-11D3-BF4B-00C04F79EFBC}") = "AudMovie", "AudMovie\AudMovie.csproj", "{9C6048EE-8E21-43EF-91F0-54DBB873CC33}"
EndProject
Global
	GlobalSection(SolutionConfigurationPlatforms) = preSolution
		Debug|Any CPU = Debug|Any CPU
		Release|Any CPU = Release|Any CPU
	EndGlobalSection
	GlobalSection(ProjectConfigurationPlatforms) = postSolution
		{9C6048EE-8E21-43EF-91F0-54DBB873CC33}.Debug|Any CPU.ActiveCfg = Debug|Any CPU
		{9C6048EE-8E21-43EF-91F0-54DBB873CC33}.Debug|Any CPU.Build.0 = Debug|Any CPU
		{9C6048EE-8E21-43EF-91F0-54DBB873CC33}.Release|Any CPU.ActiveCfg = Release|Any CPU
		{9C6048EE-8E21-43EF-91F0-54DBB873CC33}.Release|Any CPU.Build.0 = Release|Any CPU
	EndGlobalSection
	GlobalSection(SolutionProperties) = preSolution
		HideSolutionNode = FALSE
	EndGlobalSection
	GlobalSection(ExtensibilityGlobals) = postSolution
		SolutionGuid = {8F045850-2E0D-45F3-A55F-D4C8AD090AE4}
	EndGlobalSection
EndGlobal
